
Microsoft Visual Studio Solution File, Format Version 12.00
# Visual Studio Version 16
VisualStudioVersion = 16.0.29215.179
MinimumVisualStudioVersion = 10.0.40219.1
Project("{2150E333-8FDC-42A3-9474-1A3956D46DE8}") = "1 - Api", "1 - Api", "{A5F14FBB-1356-47DB-B961-70A37FEB89ED}"
EndProject
Project("{2150E333-8FDC-42A3-9474-1A3956D46DE8}") = "3 - Domain", "3 - Domain", "{51589A7F-FDD8-4F7A-90DC-17E0075D8811}"
EndProject
Project("{2150E333-8FDC-42A3-9474-1A3956D46DE8}") = "4 - Infra", "4 - Infra", "{43B52E48-2D02-48AC-BC9A-437D62DE29E1}"
EndProject
Project("{2150E333-8FDC-42A3-9474-1A3956D46DE8}") = "2 - Application", "2 - Application", "{A8DD8E88-6E68-4FB5-90DA-3EC725705A32}"
EndProject
Project("{9A19103F-16F7-4668-BE54-9A1E7A4F7556}") = "Chat.Application", "src\Chat.Service\Chat.Application.csproj", "{18AE2D0F-8462-4831-8199-F4ADC38BB9A9}"
EndProject
Project("{9A19103F-16F7-4668-BE54-9A1E7A4F7556}") = "Chat.Domain", "src\Chat.Domain\Chat.Domain.csproj", "{8DC2EAC1-A08D-4170-AA4D-C65D8535BA88}"
EndProject
Project("{2150E333-8FDC-42A3-9474-1A3956D46DE8}") = "4.1 - Data", "4.1 - Data", "{D5B88BDA-8385-4C7C-A999-2BD269BC3D47}"
EndProject
Project("{2150E333-8FDC-42A3-9474-1A3956D46DE8}") = "4.2 - IoC", "4.2 - IoC", "{7A0A6548-05BB-4919-98D2-B85390CC2C31}"
EndProject
Project("{2150E333-8FDC-42A3-9474-1A3956D46DE8}") = "4.3 - Utils", "4.3 - Utils", "{789EE9DB-2FD9-443F-8BF4-F4F207F17EF7}"
EndProject
Project("{9A19103F-16F7-4668-BE54-9A1E7A4F7556}") = "Chat.Api", "src\Chat.Api\Chat.Api.csproj", "{B72D88B1-EA65-417B-9D04-C427C0D69927}"
EndProject
Project("{9A19103F-16F7-4668-BE54-9A1E7A4F7556}") = "Chat.Infra.Data", "src\Chat.Infra.Data\Chat.Infra.Data.csproj", "{FF5B5FCE-2CC5-48E3-BF8B-2D67A133290B}"
EndProject
Project("{9A19103F-16F7-4668-BE54-9A1E7A4F7556}") = "Chat.Infra.Util", "src\Chat.Infra.Util\Chat.Infra.Util.csproj", "{B4C376B9-ED57-445D-9434-03D86F607E84}"
EndProject
Project("{9A19103F-16F7-4668-BE54-9A1E7A4F7556}") = "Chat.Infra.IoC", "src\Chat.Infra.IoC\Chat.Infra.IoC.csproj", "{353217EC-6C53-4FD9-8255-09AB8BFBCED8}"
EndProject
Global
	GlobalSection(SolutionConfigurationPlatforms) = preSolution
		Debug|Any CPU = Debug|Any CPU
		Release|Any CPU = Release|Any CPU
	EndGlobalSection
	GlobalSection(ProjectConfigurationPlatforms) = postSolution
		{18AE2D0F-8462-4831-8199-F4ADC38BB9A9}.Debug|Any CPU.ActiveCfg = Debug|Any CPU
		{18AE2D0F-8462-4831-8199-F4ADC38BB9A9}.Debug|Any CPU.Build.0 = Debug|Any CPU
		{18AE2D0F-8462-4831-8199-F4ADC38BB9A9}.Release|Any CPU.ActiveCfg = Release|Any CPU
		{18AE2D0F-8462-4831-8199-F4ADC38BB9A9}.Release|Any CPU.Build.0 = Release|Any CPU
		{8DC2EAC1-A08D-4170-AA4D-C65D8535BA88}.Debug|Any CPU.ActiveCfg = Debug|Any CPU
		{8DC2EAC1-A08D-4170-AA4D-C65D8535BA88}.Debug|Any CPU.Build.0 = Debug|Any CPU
		{8DC2EAC1-A08D-4170-AA4D-C65D8535BA88}.Release|Any CPU.ActiveCfg = Release|Any CPU
		{8DC2EAC1-A08D-4170-AA4D-C65D8535BA88}.Release|Any CPU.Build.0 = Release|Any CPU
		{B72D88B1-EA65-417B-9D04-C427C0D69927}.Debug|Any CPU.ActiveCfg = Debug|Any CPU
		{B72D88B1-EA65-417B-9D04-C427C0D69927}.Debug|Any CPU.Build.0 = Debug|Any CPU
		{B72D88B1-EA65-417B-9D04-C427C0D69927}.Release|Any CPU.ActiveCfg = Release|Any CPU
		{B72D88B1-EA65-417B-9D04-C427C0D69927}.Release|Any CPU.Build.0 = Release|Any CPU
		{FF5B5FCE-2CC5-48E3-BF8B-2D67A133290B}.Debug|Any CPU.ActiveCfg = Debug|Any CPU
		{FF5B5FCE-2CC5-48E3-BF8B-2D67A133290B}.Debug|Any CPU.Build.0 = Debug|Any CPU
		{FF5B5FCE-2CC5-48E3-BF8B-2D67A133290B}.Release|Any CPU.ActiveCfg = Release|Any CPU
		{FF5B5FCE-2CC5-48E3-BF8B-2D67A133290B}.Release|Any CPU.Build.0 = Release|Any CPU
		{B4C376B9-ED57-445D-9434-03D86F607E84}.Debug|Any CPU.ActiveCfg = Debug|Any CPU
		{B4C376B9-ED57-445D-9434-03D86F607E84}.Debug|Any CPU.Build.0 = Debug|Any CPU
		{B4C376B9-ED57-445D-9434-03D86F607E84}.Release|Any CPU.ActiveCfg = Release|Any CPU
		{B4C376B9-ED57-445D-9434-03D86F607E84}.Release|Any CPU.Build.0 = Release|Any CPU
		{353217EC-6C53-4FD9-8255-09AB8BFBCED8}.Debug|Any CPU.ActiveCfg = Debug|Any CPU
		{353217EC-6C53-4FD9-8255-09AB8BFBCED8}.Debug|Any CPU.Build.0 = Debug|Any CPU
		{353217EC-6C53-4FD9-8255-09AB8BFBCED8}.Release|Any CPU.ActiveCfg = Release|Any CPU
		{353217EC-6C53-4FD9-8255-09AB8BFBCED8}.Release|Any CPU.Build.0 = Release|Any CPU
	EndGlobalSection
	GlobalSection(SolutionProperties) = preSolution
		HideSolutionNode = FALSE
	EndGlobalSection
	GlobalSection(NestedProjects) = preSolution
		{18AE2D0F-8462-4831-8199-F4ADC38BB9A9} = {A8DD8E88-6E68-4FB5-90DA-3EC725705A32}
		{8DC2EAC1-A08D-4170-AA4D-C65D8535BA88} = {51589A7F-FDD8-4F7A-90DC-17E0075D8811}
		{D5B88BDA-8385-4C7C-A999-2BD269BC3D47} = {43B52E48-2D02-48AC-BC9A-437D62DE29E1}
		{7A0A6548-05BB-4919-98D2-B85390CC2C31} = {43B52E48-2D02-48AC-BC9A-437D62DE29E1}
		{789EE9DB-2FD9-443F-8BF4-F4F207F17EF7} = {43B52E48-2D02-48AC-BC9A-437D62DE29E1}
		{B72D88B1-EA65-417B-9D04-C427C0D69927} = {A5F14FBB-1356-47DB-B961-70A37FEB89ED}
		{FF5B5FCE-2CC5-48E3-BF8B-2D67A133290B} = {D5B88BDA-8385-4C7C-A999-2BD269BC3D47}
		{B4C376B9-ED57-445D-9434-03D86F607E84} = {789EE9DB-2FD9-443F-8BF4-F4F207F17EF7}
		{353217EC-6C53-4FD9-8255-09AB8BFBCED8} = {7A0A6548-05BB-4919-98D2-B85390CC2C31}
	EndGlobalSection
	GlobalSection(ExtensibilityGlobals) = postSolution
		SolutionGuid = {792FDE75-0C26-43F0-A3A8-D097338E347A}
	EndGlobalSection
EndGlobal
